// !$*UTF8*$!
{
	archiveVersion = 1;
	classes = {
	};
	objectVersion = 56;
	objects = {

/* Begin PBXBuildFile section */
		416B316729153BD100680F41 /* GetCachedImageUseCaseTests.swift in Sources */ = {isa = PBXBuildFile; fileRef = 416B316629153BD100680F41 /* GetCachedImageUseCaseTests.swift */; };
		416B316929153BFA00680F41 /* GetCachedImageUseCase+.swift in Sources */ = {isa = PBXBuildFile; fileRef = 416B316829153BFA00680F41 /* GetCachedImageUseCase+.swift */; };
		41DA8BB42913ED2300A7DFA0 /* AppDelegate.swift in Sources */ = {isa = PBXBuildFile; fileRef = 41DA8BB32913ED2300A7DFA0 /* AppDelegate.swift */; };
		41DA8BB62913ED2300A7DFA0 /* SceneDelegate.swift in Sources */ = {isa = PBXBuildFile; fileRef = 41DA8BB52913ED2300A7DFA0 /* SceneDelegate.swift */; };
		41DA8BB82913ED2300A7DFA0 /* ViewController.swift in Sources */ = {isa = PBXBuildFile; fileRef = 41DA8BB72913ED2300A7DFA0 /* ViewController.swift */; };
		41DA8BBB2913ED2300A7DFA0 /* Main.storyboard in Resources */ = {isa = PBXBuildFile; fileRef = 41DA8BB92913ED2300A7DFA0 /* Main.storyboard */; };
		41DA8BBD2913ED2400A7DFA0 /* Assets.xcassets in Resources */ = {isa = PBXBuildFile; fileRef = 41DA8BBC2913ED2400A7DFA0 /* Assets.xcassets */; };
		41DA8BC02913ED2400A7DFA0 /* LaunchScreen.storyboard in Resources */ = {isa = PBXBuildFile; fileRef = 41DA8BBE2913ED2400A7DFA0 /* LaunchScreen.storyboard */; };
		41DA8BE52913F5B200A7DFA0 /* UserModel.swift in Sources */ = {isa = PBXBuildFile; fileRef = 41DA8BE42913F5B200A7DFA0 /* UserModel.swift */; };
		41DA8BE92913F66C00A7DFA0 /* SearchUsersUseCase.swift in Sources */ = {isa = PBXBuildFile; fileRef = 41DA8BE82913F66C00A7DFA0 /* SearchUsersUseCase.swift */; };
		41DA8BEC2913F6DC00A7DFA0 /* GithubRepositable.swift in Sources */ = {isa = PBXBuildFile; fileRef = 41DA8BEB2913F6DC00A7DFA0 /* GithubRepositable.swift */; };
		41DA8BEF2913F75B00A7DFA0 /* RequestConvertible.swift in Sources */ = {isa = PBXBuildFile; fileRef = 41DA8BEE2913F75B00A7DFA0 /* RequestConvertible.swift */; };
		41DA8BF32913F9B300A7DFA0 /* MockGithubRepository.swift in Sources */ = {isa = PBXBuildFile; fileRef = 41DA8BF22913F9B300A7DFA0 /* MockGithubRepository.swift */; };
		41DA8BF52913FA7F00A7DFA0 /* SearchUsersUseCaseTests.swift in Sources */ = {isa = PBXBuildFile; fileRef = 41DA8BF42913FA7F00A7DFA0 /* SearchUsersUseCaseTests.swift */; };
		41DA8BF82913FACC00A7DFA0 /* SearchUsersUseCase+.swift in Sources */ = {isa = PBXBuildFile; fileRef = 41DA8BF72913FACC00A7DFA0 /* SearchUsersUseCase+.swift */; };
		41DA8BFD291539CD00A7DFA0 /* GetCachedImageUseCase.swift in Sources */ = {isa = PBXBuildFile; fileRef = 41DA8BFC291539CD00A7DFA0 /* GetCachedImageUseCase.swift */; };
/* End PBXBuildFile section */

/* Begin PBXContainerItemProxy section */
		41DA8BC72913ED2400A7DFA0 /* PBXContainerItemProxy */ = {
			isa = PBXContainerItemProxy;
			containerPortal = 41DA8BA82913ED2300A7DFA0 /* Project object */;
			proxyType = 1;
			remoteGlobalIDString = 41DA8BAF2913ED2300A7DFA0;
			remoteInfo = GithubSearch;
		};
/* End PBXContainerItemProxy section */

/* Begin PBXFileReference section */
		416B316629153BD100680F41 /* GetCachedImageUseCaseTests.swift */ = {isa = PBXFileReference; lastKnownFileType = sourcecode.swift; path = GetCachedImageUseCaseTests.swift; sourceTree = "<group>"; };
		416B316829153BFA00680F41 /* GetCachedImageUseCase+.swift */ = {isa = PBXFileReference; lastKnownFileType = sourcecode.swift; path = "GetCachedImageUseCase+.swift"; sourceTree = "<group>"; };
		41DA8BB02913ED2300A7DFA0 /* GithubSearch.app */ = {isa = PBXFileReference; explicitFileType = wrapper.application; includeInIndex = 0; path = GithubSearch.app; sourceTree = BUILT_PRODUCTS_DIR; };
		41DA8BB32913ED2300A7DFA0 /* AppDelegate.swift */ = {isa = PBXFileReference; lastKnownFileType = sourcecode.swift; path = AppDelegate.swift; sourceTree = "<group>"; };
		41DA8BB52913ED2300A7DFA0 /* SceneDelegate.swift */ = {isa = PBXFileReference; lastKnownFileType = sourcecode.swift; path = SceneDelegate.swift; sourceTree = "<group>"; };
		41DA8BB72913ED2300A7DFA0 /* ViewController.swift */ = {isa = PBXFileReference; lastKnownFileType = sourcecode.swift; path = ViewController.swift; sourceTree = "<group>"; };
		41DA8BBA2913ED2300A7DFA0 /* Base */ = {isa = PBXFileReference; lastKnownFileType = file.storyboard; name = Base; path = Base.lproj/Main.storyboard; sourceTree = "<group>"; };
		41DA8BBC2913ED2400A7DFA0 /* Assets.xcassets */ = {isa = PBXFileReference; lastKnownFileType = folder.assetcatalog; path = Assets.xcassets; sourceTree = "<group>"; };
		41DA8BBF2913ED2400A7DFA0 /* Base */ = {isa = PBXFileReference; lastKnownFileType = file.storyboard; name = Base; path = Base.lproj/LaunchScreen.storyboard; sourceTree = "<group>"; };
		41DA8BC12913ED2400A7DFA0 /* Info.plist */ = {isa = PBXFileReference; lastKnownFileType = text.plist.xml; path = Info.plist; sourceTree = "<group>"; };
		41DA8BC62913ED2400A7DFA0 /* GithubSearchTests.xctest */ = {isa = PBXFileReference; explicitFileType = wrapper.cfbundle; includeInIndex = 0; path = GithubSearchTests.xctest; sourceTree = BUILT_PRODUCTS_DIR; };
		41DA8BE42913F5B200A7DFA0 /* UserModel.swift */ = {isa = PBXFileReference; lastKnownFileType = sourcecode.swift; path = UserModel.swift; sourceTree = "<group>"; };
		41DA8BE82913F66C00A7DFA0 /* SearchUsersUseCase.swift */ = {isa = PBXFileReference; lastKnownFileType = sourcecode.swift; path = SearchUsersUseCase.swift; sourceTree = "<group>"; };
		41DA8BEB2913F6DC00A7DFA0 /* GithubRepositable.swift */ = {isa = PBXFileReference; lastKnownFileType = sourcecode.swift; path = GithubRepositable.swift; sourceTree = "<group>"; };
		41DA8BEE2913F75B00A7DFA0 /* RequestConvertible.swift */ = {isa = PBXFileReference; lastKnownFileType = sourcecode.swift; path = RequestConvertible.swift; sourceTree = "<group>"; };
		41DA8BF22913F9B300A7DFA0 /* MockGithubRepository.swift */ = {isa = PBXFileReference; lastKnownFileType = sourcecode.swift; path = MockGithubRepository.swift; sourceTree = "<group>"; };
		41DA8BF42913FA7F00A7DFA0 /* SearchUsersUseCaseTests.swift */ = {isa = PBXFileReference; lastKnownFileType = sourcecode.swift; path = SearchUsersUseCaseTests.swift; sourceTree = "<group>"; };
		41DA8BF72913FACC00A7DFA0 /* SearchUsersUseCase+.swift */ = {isa = PBXFileReference; lastKnownFileType = sourcecode.swift; path = "SearchUsersUseCase+.swift"; sourceTree = "<group>"; };
		41DA8BFC291539CD00A7DFA0 /* GetCachedImageUseCase.swift */ = {isa = PBXFileReference; lastKnownFileType = sourcecode.swift; path = GetCachedImageUseCase.swift; sourceTree = "<group>"; };
/* End PBXFileReference section */

/* Begin PBXFrameworksBuildPhase section */
		41DA8BAD2913ED2300A7DFA0 /* Frameworks */ = {
			isa = PBXFrameworksBuildPhase;
			buildActionMask = 2147483647;
			files = (
			);
			runOnlyForDeploymentPostprocessing = 0;
		};
		41DA8BC32913ED2400A7DFA0 /* Frameworks */ = {
			isa = PBXFrameworksBuildPhase;
			buildActionMask = 2147483647;
			files = (
			);
			runOnlyForDeploymentPostprocessing = 0;
		};
/* End PBXFrameworksBuildPhase section */

/* Begin PBXGroup section */
		41DA8BA72913ED2300A7DFA0 = {
			isa = PBXGroup;
			children = (
				41DA8BB22913ED2300A7DFA0 /* GithubSearch */,
				41DA8BC92913ED2400A7DFA0 /* GithubSearchTests */,
				41DA8BB12913ED2300A7DFA0 /* Products */,
			);
			sourceTree = "<group>";
		};
		41DA8BB12913ED2300A7DFA0 /* Products */ = {
			isa = PBXGroup;
			children = (
				41DA8BB02913ED2300A7DFA0 /* GithubSearch.app */,
				41DA8BC62913ED2400A7DFA0 /* GithubSearchTests.xctest */,
			);
			name = Products;
			sourceTree = "<group>";
		};
		41DA8BB22913ED2300A7DFA0 /* GithubSearch */ = {
			isa = PBXGroup;
			children = (
				41DA8BE32913F56C00A7DFA0 /* Domain */,
				41DA8BB32913ED2300A7DFA0 /* AppDelegate.swift */,
				41DA8BB52913ED2300A7DFA0 /* SceneDelegate.swift */,
				41DA8BB72913ED2300A7DFA0 /* ViewController.swift */,
				41DA8BB92913ED2300A7DFA0 /* Main.storyboard */,
				41DA8BBC2913ED2400A7DFA0 /* Assets.xcassets */,
				41DA8BBE2913ED2400A7DFA0 /* LaunchScreen.storyboard */,
				41DA8BC12913ED2400A7DFA0 /* Info.plist */,
			);
			path = GithubSearch;
			sourceTree = "<group>";
		};
		41DA8BC92913ED2400A7DFA0 /* GithubSearchTests */ = {
			isa = PBXGroup;
			children = (
				41DA8BF02913F7CD00A7DFA0 /* Domain */,
			);
			path = GithubSearchTests;
			sourceTree = "<group>";
		};
		41DA8BE32913F56C00A7DFA0 /* Domain */ = {
			isa = PBXGroup;
			children = (
				41DA8BE62913F64C00A7DFA0 /* Model */,
				41DA8BE72913F65400A7DFA0 /* UseCase */,
				41DA8BEA2913F6C700A7DFA0 /* Repository */,
				41DA8BED2913F73700A7DFA0 /* Util */,
			);
			path = Domain;
			sourceTree = "<group>";
		};
		41DA8BE62913F64C00A7DFA0 /* Model */ = {
			isa = PBXGroup;
			children = (
				41DA8BE42913F5B200A7DFA0 /* UserModel.swift */,
			);
			path = Model;
			sourceTree = "<group>";
		};
		41DA8BE72913F65400A7DFA0 /* UseCase */ = {
			isa = PBXGroup;
			children = (
				41DA8BE82913F66C00A7DFA0 /* SearchUsersUseCase.swift */,
				41DA8BFC291539CD00A7DFA0 /* GetCachedImageUseCase.swift */,
			);
			path = UseCase;
			sourceTree = "<group>";
		};
		41DA8BEA2913F6C700A7DFA0 /* Repository */ = {
			isa = PBXGroup;
			children = (
				41DA8BEB2913F6DC00A7DFA0 /* GithubRepositable.swift */,
			);
			path = Repository;
			sourceTree = "<group>";
		};
		41DA8BED2913F73700A7DFA0 /* Util */ = {
			isa = PBXGroup;
			children = (
				41DA8BEE2913F75B00A7DFA0 /* RequestConvertible.swift */,
			);
			path = Util;
			sourceTree = "<group>";
		};
		41DA8BF02913F7CD00A7DFA0 /* Domain */ = {
			isa = PBXGroup;
			children = (
				41DA8BFB2913FE5B00A7DFA0 /* Test */,
				41DA8BF12913F94300A7DFA0 /* TestDouble */,
				41DA8BF62913FAB800A7DFA0 /* Util */,
			);
			path = Domain;
			sourceTree = "<group>";
		};
		41DA8BF12913F94300A7DFA0 /* TestDouble */ = {
			isa = PBXGroup;
			children = (
				41DA8BF22913F9B300A7DFA0 /* MockGithubRepository.swift */,
			);
			path = TestDouble;
			sourceTree = "<group>";
		};
		41DA8BF62913FAB800A7DFA0 /* Util */ = {
			isa = PBXGroup;
			children = (
				41DA8BF72913FACC00A7DFA0 /* SearchUsersUseCase+.swift */,
				416B316829153BFA00680F41 /* GetCachedImageUseCase+.swift */,
			);
			path = Util;
			sourceTree = "<group>";
		};
		41DA8BFB2913FE5B00A7DFA0 /* Test */ = {
			isa = PBXGroup;
			children = (
				41DA8BF42913FA7F00A7DFA0 /* SearchUsersUseCaseTests.swift */,
				416B316629153BD100680F41 /* GetCachedImageUseCaseTests.swift */,
			);
			path = Test;
			sourceTree = "<group>";
		};
/* End PBXGroup section */

/* Begin PBXNativeTarget section */
		41DA8BAF2913ED2300A7DFA0 /* GithubSearch */ = {
			isa = PBXNativeTarget;
			buildConfigurationList = 41DA8BDA2913ED2400A7DFA0 /* Build configuration list for PBXNativeTarget "GithubSearch" */;
			buildPhases = (
				41DA8BAC2913ED2300A7DFA0 /* Sources */,
				41DA8BAD2913ED2300A7DFA0 /* Frameworks */,
				41DA8BAE2913ED2300A7DFA0 /* Resources */,
			);
			buildRules = (
			);
			dependencies = (
			);
			name = GithubSearch;
			productName = GithubSearch;
			productReference = 41DA8BB02913ED2300A7DFA0 /* GithubSearch.app */;
			productType = "com.apple.product-type.application";
		};
		41DA8BC52913ED2400A7DFA0 /* GithubSearchTests */ = {
			isa = PBXNativeTarget;
			buildConfigurationList = 41DA8BDD2913ED2400A7DFA0 /* Build configuration list for PBXNativeTarget "GithubSearchTests" */;
			buildPhases = (
				41DA8BC22913ED2400A7DFA0 /* Sources */,
				41DA8BC32913ED2400A7DFA0 /* Frameworks */,
				41DA8BC42913ED2400A7DFA0 /* Resources */,
			);
			buildRules = (
			);
			dependencies = (
				41DA8BC82913ED2400A7DFA0 /* PBXTargetDependency */,
			);
			name = GithubSearchTests;
			productName = GithubSearchTests;
			productReference = 41DA8BC62913ED2400A7DFA0 /* GithubSearchTests.xctest */;
			productType = "com.apple.product-type.bundle.unit-test";
		};
/* End PBXNativeTarget section */

/* Begin PBXProject section */
		41DA8BA82913ED2300A7DFA0 /* Project object */ = {
			isa = PBXProject;
			attributes = {
				BuildIndependentTargetsInParallel = 1;
				LastSwiftUpdateCheck = 1410;
				LastUpgradeCheck = 1410;
				TargetAttributes = {
					41DA8BAF2913ED2300A7DFA0 = {
						CreatedOnToolsVersion = 14.1;
					};
					41DA8BC52913ED2400A7DFA0 = {
						CreatedOnToolsVersion = 14.1;
						TestTargetID = 41DA8BAF2913ED2300A7DFA0;
					};
				};
			};
			buildConfigurationList = 41DA8BAB2913ED2300A7DFA0 /* Build configuration list for PBXProject "GithubSearch" */;
			compatibilityVersion = "Xcode 14.0";
			developmentRegion = en;
			hasScannedForEncodings = 0;
			knownRegions = (
				en,
				Base,
			);
			mainGroup = 41DA8BA72913ED2300A7DFA0;
			productRefGroup = 41DA8BB12913ED2300A7DFA0 /* Products */;
			projectDirPath = "";
			projectRoot = "";
			targets = (
				41DA8BAF2913ED2300A7DFA0 /* GithubSearch */,
				41DA8BC52913ED2400A7DFA0 /* GithubSearchTests */,
			);
		};
/* End PBXProject section */

/* Begin PBXResourcesBuildPhase section */
		41DA8BAE2913ED2300A7DFA0 /* Resources */ = {
			isa = PBXResourcesBuildPhase;
			buildActionMask = 2147483647;
			files = (
				41DA8BC02913ED2400A7DFA0 /* LaunchScreen.storyboard in Resources */,
				41DA8BBD2913ED2400A7DFA0 /* Assets.xcassets in Resources */,
				41DA8BBB2913ED2300A7DFA0 /* Main.storyboard in Resources */,
			);
			runOnlyForDeploymentPostprocessing = 0;
		};
		41DA8BC42913ED2400A7DFA0 /* Resources */ = {
			isa = PBXResourcesBuildPhase;
			buildActionMask = 2147483647;
			files = (
			);
			runOnlyForDeploymentPostprocessing = 0;
		};
/* End PBXResourcesBuildPhase section */

/* Begin PBXSourcesBuildPhase section */
		41DA8BAC2913ED2300A7DFA0 /* Sources */ = {
			isa = PBXSourcesBuildPhase;
			buildActionMask = 2147483647;
			files = (
				41DA8BB82913ED2300A7DFA0 /* ViewController.swift in Sources */,
				41DA8BE92913F66C00A7DFA0 /* SearchUsersUseCase.swift in Sources */,
				41DA8BEF2913F75B00A7DFA0 /* RequestConvertible.swift in Sources */,
				41DA8BB42913ED2300A7DFA0 /* AppDelegate.swift in Sources */,
				41DA8BFD291539CD00A7DFA0 /* GetCachedImageUseCase.swift in Sources */,
				41DA8BE52913F5B200A7DFA0 /* UserModel.swift in Sources */,
				41DA8BB62913ED2300A7DFA0 /* SceneDelegate.swift in Sources */,
				41DA8BEC2913F6DC00A7DFA0 /* GithubRepositable.swift in Sources */,
			);
			runOnlyForDeploymentPostprocessing = 0;
		};
		41DA8BC22913ED2400A7DFA0 /* Sources */ = {
			isa = PBXSourcesBuildPhase;
			buildActionMask = 2147483647;
			files = (
				416B316929153BFA00680F41 /* GetCachedImageUseCase+.swift in Sources */,
				416B316729153BD100680F41 /* GetCachedImageUseCaseTests.swift in Sources */,
				41DA8BF82913FACC00A7DFA0 /* SearchUsersUseCase+.swift in Sources */,
				41DA8BF52913FA7F00A7DFA0 /* SearchUsersUseCaseTests.swift in Sources */,
				41DA8BF32913F9B300A7DFA0 /* MockGithubRepository.swift in Sources */,
			);
			runOnlyForDeploymentPostprocessing = 0;
		};
/* End PBXSourcesBuildPhase section */

/* Begin PBXTargetDependency section */
		41DA8BC82913ED2400A7DFA0 /* PBXTargetDependency */ = {
			isa = PBXTargetDependency;
			target = 41DA8BAF2913ED2300A7DFA0 /* GithubSearch */;
			targetProxy = 41DA8BC72913ED2400A7DFA0 /* PBXContainerItemProxy */;
		};
/* End PBXTargetDependency section */

/* Begin PBXVariantGroup section */
		41DA8BB92913ED2300A7DFA0 /* Main.storyboard */ = {
			isa = PBXVariantGroup;
			children = (
				41DA8BBA2913ED2300A7DFA0 /* Base */,
			);
			name = Main.storyboard;
			sourceTree = "<group>";
		};
		41DA8BBE2913ED2400A7DFA0 /* LaunchScreen.storyboard */ = {
			isa = PBXVariantGroup;
			children = (
				41DA8BBF2913ED2400A7DFA0 /* Base */,
			);
			name = LaunchScreen.storyboard;
			sourceTree = "<group>";
		};
/* End PBXVariantGroup section */

/* Begin XCBuildConfiguration section */
		41DA8BD82913ED2400A7DFA0 /* Debug */ = {
			isa = XCBuildConfiguration;
			buildSettings = {
				ALWAYS_SEARCH_USER_PATHS = NO;
				CLANG_ANALYZER_NONNULL = YES;
				CLANG_ANALYZER_NUMBER_OBJECT_CONVERSION = YES_AGGRESSIVE;
				CLANG_CXX_LANGUAGE_STANDARD = "gnu++20";
				CLANG_ENABLE_MODULES = YES;
				CLANG_ENABLE_OBJC_ARC = YES;
				CLANG_ENABLE_OBJC_WEAK = YES;
				CLANG_WARN_BLOCK_CAPTURE_AUTORELEASING = YES;
				CLANG_WARN_BOOL_CONVERSION = YES;
				CLANG_WARN_COMMA = YES;
				CLANG_WARN_CONSTANT_CONVERSION = YES;
				CLANG_WARN_DEPRECATED_OBJC_IMPLEMENTATIONS = YES;
				CLANG_WARN_DIRECT_OBJC_ISA_USAGE = YES_ERROR;
				CLANG_WARN_DOCUMENTATION_COMMENTS = YES;
				CLANG_WARN_EMPTY_BODY = YES;
				CLANG_WARN_ENUM_CONVERSION = YES;
				CLANG_WARN_INFINITE_RECURSION = YES;
				CLANG_WARN_INT_CONVERSION = YES;
				CLANG_WARN_NON_LITERAL_NULL_CONVERSION = YES;
				CLANG_WARN_OBJC_IMPLICIT_RETAIN_SELF = YES;
				CLANG_WARN_OBJC_LITERAL_CONVERSION = YES;
				CLANG_WARN_OBJC_ROOT_CLASS = YES_ERROR;
				CLANG_WARN_QUOTED_INCLUDE_IN_FRAMEWORK_HEADER = YES;
				CLANG_WARN_RANGE_LOOP_ANALYSIS = YES;
				CLANG_WARN_STRICT_PROTOTYPES = YES;
				CLANG_WARN_SUSPICIOUS_MOVE = YES;
				CLANG_WARN_UNGUARDED_AVAILABILITY = YES_AGGRESSIVE;
				CLANG_WARN_UNREACHABLE_CODE = YES;
				CLANG_WARN__DUPLICATE_METHOD_MATCH = YES;
				COPY_PHASE_STRIP = NO;
				DEBUG_INFORMATION_FORMAT = dwarf;
				ENABLE_STRICT_OBJC_MSGSEND = YES;
				ENABLE_TESTABILITY = YES;
				GCC_C_LANGUAGE_STANDARD = gnu11;
				GCC_DYNAMIC_NO_PIC = NO;
				GCC_NO_COMMON_BLOCKS = YES;
				GCC_OPTIMIZATION_LEVEL = 0;
				GCC_PREPROCESSOR_DEFINITIONS = (
					"DEBUG=1",
					"$(inherited)",
				);
				GCC_WARN_64_TO_32_BIT_CONVERSION = YES;
				GCC_WARN_ABOUT_RETURN_TYPE = YES_ERROR;
				GCC_WARN_UNDECLARED_SELECTOR = YES;
				GCC_WARN_UNINITIALIZED_AUTOS = YES_AGGRESSIVE;
				GCC_WARN_UNUSED_FUNCTION = YES;
				GCC_WARN_UNUSED_VARIABLE = YES;
				IPHONEOS_DEPLOYMENT_TARGET = 14.0;
				MTL_ENABLE_DEBUG_INFO = INCLUDE_SOURCE;
				MTL_FAST_MATH = YES;
				ONLY_ACTIVE_ARCH = YES;
				SDKROOT = iphoneos;
				SWIFT_ACTIVE_COMPILATION_CONDITIONS = DEBUG;
				SWIFT_OPTIMIZATION_LEVEL = "-Onone";
			};
			name = Debug;
		};
		41DA8BD92913ED2400A7DFA0 /* Release */ = {
			isa = XCBuildConfiguration;
			buildSettings = {
				ALWAYS_SEARCH_USER_PATHS = NO;
				CLANG_ANALYZER_NONNULL = YES;
				CLANG_ANALYZER_NUMBER_OBJECT_CONVERSION = YES_AGGRESSIVE;
				CLANG_CXX_LANGUAGE_STANDARD = "gnu++20";
				CLANG_ENABLE_MODULES = YES;
				CLANG_ENABLE_OBJC_ARC = YES;
				CLANG_ENABLE_OBJC_WEAK = YES;
				CLANG_WARN_BLOCK_CAPTURE_AUTORELEASING = YES;
				CLANG_WARN_BOOL_CONVERSION = YES;
				CLANG_WARN_COMMA = YES;
				CLANG_WARN_CONSTANT_CONVERSION = YES;
				CLANG_WARN_DEPRECATED_OBJC_IMPLEMENTATIONS = YES;
				CLANG_WARN_DIRECT_OBJC_ISA_USAGE = YES_ERROR;
				CLANG_WARN_DOCUMENTATION_COMMENTS = YES;
				CLANG_WARN_EMPTY_BODY = YES;
				CLANG_WARN_ENUM_CONVERSION = YES;
				CLANG_WARN_INFINITE_RECURSION = YES;
				CLANG_WARN_INT_CONVERSION = YES;
				CLANG_WARN_NON_LITERAL_NULL_CONVERSION = YES;
				CLANG_WARN_OBJC_IMPLICIT_RETAIN_SELF = YES;
				CLANG_WARN_OBJC_LITERAL_CONVERSION = YES;
				CLANG_WARN_OBJC_ROOT_CLASS = YES_ERROR;
				CLANG_WARN_QUOTED_INCLUDE_IN_FRAMEWORK_HEADER = YES;
				CLANG_WARN_RANGE_LOOP_ANALYSIS = YES;
				CLANG_WARN_STRICT_PROTOTYPES = YES;
				CLANG_WARN_SUSPICIOUS_MOVE = YES;
				CLANG_WARN_UNGUARDED_AVAILABILITY = YES_AGGRESSIVE;
				CLANG_WARN_UNREACHABLE_CODE = YES;
				CLANG_WARN__DUPLICATE_METHOD_MATCH = YES;
				COPY_PHASE_STRIP = NO;
				DEBUG_INFORMATION_FORMAT = "dwarf-with-dsym";
				ENABLE_NS_ASSERTIONS = NO;
				ENABLE_STRICT_OBJC_MSGSEND = YES;
				GCC_C_LANGUAGE_STANDARD = gnu11;
				GCC_NO_COMMON_BLOCKS = YES;
				GCC_WARN_64_TO_32_BIT_CONVERSION = YES;
				GCC_WARN_ABOUT_RETURN_TYPE = YES_ERROR;
				GCC_WARN_UNDECLARED_SELECTOR = YES;
				GCC_WARN_UNINITIALIZED_AUTOS = YES_AGGRESSIVE;
				GCC_WARN_UNUSED_FUNCTION = YES;
				GCC_WARN_UNUSED_VARIABLE = YES;
				IPHONEOS_DEPLOYMENT_TARGET = 14.0;
				MTL_ENABLE_DEBUG_INFO = NO;
				MTL_FAST_MATH = YES;
				SDKROOT = iphoneos;
				SWIFT_COMPILATION_MODE = wholemodule;
				SWIFT_OPTIMIZATION_LEVEL = "-O";
				VALIDATE_PRODUCT = YES;
			};
			name = Release;
		};
		41DA8BDB2913ED2400A7DFA0 /* Debug */ = {
			isa = XCBuildConfiguration;
			buildSettings = {
				ASSETCATALOG_COMPILER_APPICON_NAME = AppIcon;
				ASSETCATALOG_COMPILER_GLOBAL_ACCENT_COLOR_NAME = AccentColor;
				CODE_SIGN_STYLE = Automatic;
				CURRENT_PROJECT_VERSION = 1;
				DEVELOPMENT_TEAM = 3HB3SZKJFD;
				GENERATE_INFOPLIST_FILE = YES;
				INFOPLIST_FILE = GithubSearch/Info.plist;
				INFOPLIST_KEY_UIApplicationSupportsIndirectInputEvents = YES;
				INFOPLIST_KEY_UILaunchStoryboardName = LaunchScreen;
				INFOPLIST_KEY_UIMainStoryboardFile = Main;
				INFOPLIST_KEY_UISupportedInterfaceOrientations_iPad = "UIInterfaceOrientationPortrait UIInterfaceOrientationPortraitUpsideDown UIInterfaceOrientationLandscapeLeft UIInterfaceOrientationLandscapeRight";
				INFOPLIST_KEY_UISupportedInterfaceOrientations_iPhone = "UIInterfaceOrientationPortrait UIInterfaceOrientationLandscapeLeft UIInterfaceOrientationLandscapeRight";
				IPHONEOS_DEPLOYMENT_TARGET = 14.0;
				LD_RUNPATH_SEARCH_PATHS = (
					"$(inherited)",
					"@executable_path/Frameworks",
				);
				MARKETING_VERSION = 0.1;
				PRODUCT_BUNDLE_IDENTIFIER = moon.jeongho.GithubSearch;
				PRODUCT_NAME = "$(TARGET_NAME)";
				SUPPORTED_PLATFORMS = "iphoneos iphonesimulator";
				SUPPORTS_MACCATALYST = NO;
				SUPPORTS_MAC_DESIGNED_FOR_IPHONE_IPAD = NO;
				SWIFT_EMIT_LOC_STRINGS = YES;
				SWIFT_VERSION = 5.0;
				TARGETED_DEVICE_FAMILY = 1;
			};
			name = Debug;
		};
		41DA8BDC2913ED2400A7DFA0 /* Release */ = {
			isa = XCBuildConfiguration;
			buildSettings = {
				ASSETCATALOG_COMPILER_APPICON_NAME = AppIcon;
				ASSETCATALOG_COMPILER_GLOBAL_ACCENT_COLOR_NAME = AccentColor;
				CODE_SIGN_STYLE = Automatic;
				CURRENT_PROJECT_VERSION = 1;
				DEVELOPMENT_TEAM = 3HB3SZKJFD;
				GENERATE_INFOPLIST_FILE = YES;
				INFOPLIST_FILE = GithubSearch/Info.plist;
				INFOPLIST_KEY_UIApplicationSupportsIndirectInputEvents = YES;
				INFOPLIST_KEY_UILaunchStoryboardName = LaunchScreen;
				INFOPLIST_KEY_UIMainStoryboardFile = Main;
				INFOPLIST_KEY_UISupportedInterfaceOrientations_iPad = "UIInterfaceOrientationPortrait UIInterfaceOrientationPortraitUpsideDown UIInterfaceOrientationLandscapeLeft UIInterfaceOrientationLandscapeRight";
				INFOPLIST_KEY_UISupportedInterfaceOrientations_iPhone = "UIInterfaceOrientationPortrait UIInterfaceOrientationLandscapeLeft UIInterfaceOrientationLandscapeRight";
				IPHONEOS_DEPLOYMENT_TARGET = 14.0;
				LD_RUNPATH_SEARCH_PATHS = (
					"$(inherited)",
					"@executable_path/Frameworks",
				);
				MARKETING_VERSION = 0.1;
				PRODUCT_BUNDLE_IDENTIFIER = moon.jeongho.GithubSearch;
				PRODUCT_NAME = "$(TARGET_NAME)";
				SUPPORTED_PLATFORMS = "iphoneos iphonesimulator";
				SUPPORTS_MACCATALYST = NO;
				SUPPORTS_MAC_DESIGNED_FOR_IPHONE_IPAD = NO;
				SWIFT_EMIT_LOC_STRINGS = YES;
				SWIFT_VERSION = 5.0;
				TARGETED_DEVICE_FAMILY = 1;
			};
			name = Release;
		};
		41DA8BDE2913ED2400A7DFA0 /* Debug */ = {
			isa = XCBuildConfiguration;
			buildSettings = {
				ALWAYS_EMBED_SWIFT_STANDARD_LIBRARIES = YES;
				BUNDLE_LOADER = "$(TEST_HOST)";
				CODE_SIGN_STYLE = Automatic;
				CURRENT_PROJECT_VERSION = 1;
				DEVELOPMENT_TEAM = 3HB3SZKJFD;
				GENERATE_INFOPLIST_FILE = YES;
				IPHONEOS_DEPLOYMENT_TARGET = 14.0;
				MARKETING_VERSION = 1.0;
				PRODUCT_BUNDLE_IDENTIFIER = moon.jeongho.GithubSearchTests;
				PRODUCT_NAME = "$(TARGET_NAME)";
				SUPPORTED_PLATFORMS = "iphoneos iphonesimulator";
				SUPPORTS_MACCATALYST = NO;
				SUPPORTS_MAC_DESIGNED_FOR_IPHONE_IPAD = NO;
				SWIFT_EMIT_LOC_STRINGS = NO;
				SWIFT_VERSION = 5.0;
				TARGETED_DEVICE_FAMILY = 1;
				TEST_HOST = "$(BUILT_PRODUCTS_DIR)/GithubSearch.app/$(BUNDLE_EXECUTABLE_FOLDER_PATH)/GithubSearch";
			};
			name = Debug;
		};
		41DA8BDF2913ED2400A7DFA0 /* Release */ = {
			isa = XCBuildConfiguration;
			buildSettings = {
				ALWAYS_EMBED_SWIFT_STANDARD_LIBRARIES = YES;
				BUNDLE_LOADER = "$(TEST_HOST)";
				CODE_SIGN_STYLE = Automatic;
				CURRENT_PROJECT_VERSION = 1;
				DEVELOPMENT_TEAM = 3HB3SZKJFD;
				GENERATE_INFOPLIST_FILE = YES;
				IPHONEOS_DEPLOYMENT_TARGET = 14.0;
				MARKETING_VERSION = 1.0;
				PRODUCT_BUNDLE_IDENTIFIER = moon.jeongho.GithubSearchTests;
				PRODUCT_NAME = "$(TARGET_NAME)";
				SUPPORTED_PLATFORMS = "iphoneos iphonesimulator";
				SUPPORTS_MACCATALYST = NO;
				SUPPORTS_MAC_DESIGNED_FOR_IPHONE_IPAD = NO;
				SWIFT_EMIT_LOC_STRINGS = NO;
				SWIFT_VERSION = 5.0;
				TARGETED_DEVICE_FAMILY = 1;
				TEST_HOST = "$(BUILT_PRODUCTS_DIR)/GithubSearch.app/$(BUNDLE_EXECUTABLE_FOLDER_PATH)/GithubSearch";
			};
			name = Release;
		};
/* End XCBuildConfiguration section */

/* Begin XCConfigurationList section */
		41DA8BAB2913ED2300A7DFA0 /* Build configuration list for PBXProject "GithubSearch" */ = {
			isa = XCConfigurationList;
			buildConfigurations = (
				41DA8BD82913ED2400A7DFA0 /* Debug */,
				41DA8BD92913ED2400A7DFA0 /* Release */,
			);
			defaultConfigurationIsVisible = 0;
			defaultConfigurationName = Release;
		};
		41DA8BDA2913ED2400A7DFA0 /* Build configuration list for PBXNativeTarget "GithubSearch" */ = {
			isa = XCConfigurationList;
			buildConfigurations = (
				41DA8BDB2913ED2400A7DFA0 /* Debug */,
				41DA8BDC2913ED2400A7DFA0 /* Release */,
			);
			defaultConfigurationIsVisible = 0;
			defaultConfigurationName = Release;
		};
		41DA8BDD2913ED2400A7DFA0 /* Build configuration list for PBXNativeTarget "GithubSearchTests" */ = {
			isa = XCConfigurationList;
			buildConfigurations = (
				41DA8BDE2913ED2400A7DFA0 /* Debug */,
				41DA8BDF2913ED2400A7DFA0 /* Release */,
			);
			defaultConfigurationIsVisible = 0;
			defaultConfigurationName = Release;
		};
/* End XCConfigurationList section */
	};
	rootObject = 41DA8BA82913ED2300A7DFA0 /* Project object */;
}
